
Microsoft Visual Studio Solution File, Format Version 12.00
# Visual Studio Version 16
VisualStudioVersion = 16.0.30523.141
MinimumVisualStudioVersion = 10.0.40219.1
Project("{FAE04EC0-301F-11D3-BF4B-00C04F79EFBC}") = "KronometreYapımı", "KronometreYapımı\KronometreYapımı.csproj", "{9C972695-5B3F-45A9-9C4A-21DDB5AA1EB0}"
EndProject
Global
	GlobalSection(SolutionConfigurationPlatforms) = preSolution
		Debug|Any CPU = Debug|Any CPU
		Release|Any CPU = Release|Any CPU
	EndGlobalSection
	GlobalSection(ProjectConfigurationPlatforms) = postSolution
		{9C972695-5B3F-45A9-9C4A-21DDB5AA1EB0}.Debug|Any CPU.ActiveCfg = Debug|Any CPU
		{9C972695-5B3F-45A9-9C4A-21DDB5AA1EB0}.Debug|Any CPU.Build.0 = Debug|Any CPU
		{9C972695-5B3F-45A9-9C4A-21DDB5AA1EB0}.Release|Any CPU.ActiveCfg = Release|Any CPU
		{9C972695-5B3F-45A9-9C4A-21DDB5AA1EB0}.Release|Any CPU.Build.0 = Release|Any CPU
	EndGlobalSection
	GlobalSection(SolutionProperties) = preSolution
		HideSolutionNode = FALSE
	EndGlobalSection
	GlobalSection(ExtensibilityGlobals) = postSolution
		SolutionGuid = {149E4BE9-8B3B-4B87-8272-6C9C1B3D4B4C}
	EndGlobalSection
EndGlobal
